
Microsoft Visual Studio Solution File, Format Version 12.00
# Visual Studio Version 17
VisualStudioVersion = 17.0.31903.59
MinimumVisualStudioVersion = 10.0.40219.1
Project("{FAE04EC0-301F-11D3-BF4B-00C04F79EFBC}") = "Coral.Managed", "managed\Coral.Managed.csproj", "{6D8B06A4-245D-4520-88C5-0B4181045B8E}"
EndProject
Project("{2150E333-8FDC-42A3-9474-1A3956D46DE8}") = "managed", "managed", "{982A5510-6981-462A-8206-4BF8B92F8195}"
EndProject
Project("{FAE04EC0-301F-11D3-BF4B-00C04F79EFBC}") = "Schmix", "managed\Schmix\Schmix.csproj", "{EF2C5BA0-B86D-4D42-A977-B6D3D13558A5}"
EndProject
Project("{FAE04EC0-301F-11D3-BF4B-00C04F79EFBC}") = "Schmix.Example", "managed\Schmix.Example\Schmix.Example.csproj", "{608C4D95-7057-4946-AF10-CB2035154EA8}"
EndProject
Project("{2150E333-8FDC-42A3-9474-1A3956D46DE8}") = "vendor", "vendor", "{1AD53705-0151-4B0E-AB3A-38EA6594B8C7}"
EndProject
Project("{2150E333-8FDC-42A3-9474-1A3956D46DE8}") = "ImGui.NET", "ImGui.NET", "{9C96A277-D145-48BF-8509-949BDF50E333}"
EndProject
Project("{2150E333-8FDC-42A3-9474-1A3956D46DE8}") = "src", "src", "{1609E4E1-1BF1-47C7-9385-A195E9C91A78}"
EndProject
Project("{FAE04EC0-301F-11D3-BF4B-00C04F79EFBC}") = "ImGui.NET", "vendor\ImGui.NET\src\ImGui.NET\ImGui.NET.csproj", "{1C7F96EA-CB10-4DCF-88A6-9FC4356F5B20}"
EndProject
Project("{FAE04EC0-301F-11D3-BF4B-00C04F79EFBC}") = "ImNodes.NET", "vendor\ImGui.NET\src\ImNodes.NET\ImNodes.NET.csproj", "{A7AA8779-BCC2-4264-B239-AB5F467FE5EE}"
EndProject
Global
	GlobalSection(SolutionConfigurationPlatforms) = preSolution
		Debug|Any CPU = Debug|Any CPU
		Release|Any CPU = Release|Any CPU
	EndGlobalSection
	GlobalSection(SolutionProperties) = preSolution
		HideSolutionNode = FALSE
	EndGlobalSection
	GlobalSection(ProjectConfigurationPlatforms) = postSolution
		{6D8B06A4-245D-4520-88C5-0B4181045B8E}.Debug|Any CPU.ActiveCfg = Debug|Any CPU
		{6D8B06A4-245D-4520-88C5-0B4181045B8E}.Debug|Any CPU.Build.0 = Debug|Any CPU
		{6D8B06A4-245D-4520-88C5-0B4181045B8E}.Release|Any CPU.ActiveCfg = Release|Any CPU
		{6D8B06A4-245D-4520-88C5-0B4181045B8E}.Release|Any CPU.Build.0 = Release|Any CPU
		{EF2C5BA0-B86D-4D42-A977-B6D3D13558A5}.Debug|Any CPU.ActiveCfg = Debug|Any CPU
		{EF2C5BA0-B86D-4D42-A977-B6D3D13558A5}.Debug|Any CPU.Build.0 = Debug|Any CPU
		{EF2C5BA0-B86D-4D42-A977-B6D3D13558A5}.Release|Any CPU.ActiveCfg = Release|Any CPU
		{EF2C5BA0-B86D-4D42-A977-B6D3D13558A5}.Release|Any CPU.Build.0 = Release|Any CPU
		{608C4D95-7057-4946-AF10-CB2035154EA8}.Debug|Any CPU.ActiveCfg = Debug|Any CPU
		{608C4D95-7057-4946-AF10-CB2035154EA8}.Debug|Any CPU.Build.0 = Debug|Any CPU
		{608C4D95-7057-4946-AF10-CB2035154EA8}.Release|Any CPU.ActiveCfg = Release|Any CPU
		{608C4D95-7057-4946-AF10-CB2035154EA8}.Release|Any CPU.Build.0 = Release|Any CPU
		{1C7F96EA-CB10-4DCF-88A6-9FC4356F5B20}.Debug|Any CPU.ActiveCfg = Debug|Any CPU
		{1C7F96EA-CB10-4DCF-88A6-9FC4356F5B20}.Debug|Any CPU.Build.0 = Debug|Any CPU
		{1C7F96EA-CB10-4DCF-88A6-9FC4356F5B20}.Release|Any CPU.ActiveCfg = Release|Any CPU
		{1C7F96EA-CB10-4DCF-88A6-9FC4356F5B20}.Release|Any CPU.Build.0 = Release|Any CPU
		{A7AA8779-BCC2-4264-B239-AB5F467FE5EE}.Debug|Any CPU.ActiveCfg = Debug|Any CPU
		{A7AA8779-BCC2-4264-B239-AB5F467FE5EE}.Debug|Any CPU.Build.0 = Debug|Any CPU
		{A7AA8779-BCC2-4264-B239-AB5F467FE5EE}.Release|Any CPU.ActiveCfg = Release|Any CPU
		{A7AA8779-BCC2-4264-B239-AB5F467FE5EE}.Release|Any CPU.Build.0 = Release|Any CPU
	EndGlobalSection
	GlobalSection(NestedProjects) = preSolution
		{EF2C5BA0-B86D-4D42-A977-B6D3D13558A5} = {982A5510-6981-462A-8206-4BF8B92F8195}
		{608C4D95-7057-4946-AF10-CB2035154EA8} = {982A5510-6981-462A-8206-4BF8B92F8195}
		{9C96A277-D145-48BF-8509-949BDF50E333} = {1AD53705-0151-4B0E-AB3A-38EA6594B8C7}
		{1609E4E1-1BF1-47C7-9385-A195E9C91A78} = {9C96A277-D145-48BF-8509-949BDF50E333}
		{1C7F96EA-CB10-4DCF-88A6-9FC4356F5B20} = {1609E4E1-1BF1-47C7-9385-A195E9C91A78}
		{A7AA8779-BCC2-4264-B239-AB5F467FE5EE} = {1609E4E1-1BF1-47C7-9385-A195E9C91A78}
	EndGlobalSection
EndGlobal
